{
  "version": 4,
  "terraform_version": "1.6.3",
  "serial": 38,
  "lineage": "c997f659-cab2-08af-5da5-7a247655641f",
  "outputs": {},
  "resources": [
    {
      "mode": "data",
      "type": "google_project",
      "name": "project",
      "provider": "provider[\"registry.terraform.io/hashicorp/google\"]",
      "instances": [
        {
          "schema_version": 0,
          "attributes": {
            "auto_create_network": null,
            "billing_account": "018D8D-36BF54-CFCA49",
            "effective_labels": {},
            "folder_id": "",
            "id": "projects/terra-hcl-404112",
            "labels": {},
            "name": "terra-hcl",
            "number": "709437224927",
            "org_id": "21460405804",
            "project_id": "terra-hcl-404112",
            "skip_delete": null,
            "terraform_labels": {}
          },
          "sensitive_attributes": []
        }
      ]
    },
    {
      "mode": "data",
      "type": "google_storage_project_service_account",
      "name": "gcs_account",
      "provider": "provider[\"registry.terraform.io/hashicorp/google\"]",
      "instances": [
        {
          "schema_version": 0,
          "attributes": {
            "email_address": "service-709437224927@gs-project-accounts.iam.gserviceaccount.com",
            "id": "service-709437224927@gs-project-accounts.iam.gserviceaccount.com",
            "member": "serviceAccount:service-709437224927@gs-project-accounts.iam.gserviceaccount.com",
            "project": "terra-hcl-404112",
            "user_project": null
          },
          "sensitive_attributes": []
        }
      ]
    },
    {
      "mode": "managed",
      "type": "google_cloud_run_v2_service",
      "name": "default",
      "provider": "provider[\"registry.terraform.io/hashicorp/google\"]",
      "instances": [
        {
          "schema_version": 0,
          "attributes": {
            "annotations": null,
            "binary_authorization": [],
            "client": "",
            "client_version": "",
            "conditions": [
              {
                "execution_reason": "",
                "last_transition_time": "2023-11-12T21:19:23.103878Z",
                "message": "",
                "reason": "",
                "revision_reason": "",
                "severity": "",
                "state": "CONDITION_SUCCEEDED",
                "type": "RoutesReady"
              },
              {
                "execution_reason": "",
                "last_transition_time": "2023-11-12T21:19:04.801447Z",
                "message": "",
                "reason": "",
                "revision_reason": "",
                "severity": "",
                "state": "CONDITION_SUCCEEDED",
                "type": "ConfigurationsReady"
              }
            ],
            "create_time": "2023-11-12T21:19:03.813026Z",
            "creator": "connect@masterjitailor.online",
            "delete_time": "",
            "description": "",
            "effective_annotations": {},
            "effective_labels": {},
            "etag": "\"CMeCxaoGENCV14MD/cHJvamVjdHMvdGVycmEtaGNsLTQwNDExMi9sb2NhdGlvbnMvdXMtY2VudHJhbDEvc2VydmljZXMvaGVsbG8tZXZlbnRz\"",
            "expire_time": "",
            "generation": "1",
            "id": "projects/terra-hcl-404112/locations/us-central1/services/hello-events",
            "ingress": "INGRESS_TRAFFIC_ALL",
            "labels": null,
            "last_modifier": "connect@masterjitailor.online",
            "latest_created_revision": "projects/terra-hcl-404112/locations/us-central1/services/hello-events/revisions/hello-events-00001-xhw",
            "latest_ready_revision": "projects/terra-hcl-404112/locations/us-central1/services/hello-events/revisions/hello-events-00001-xhw",
            "launch_stage": "GA",
            "location": "us-central1",
            "name": "hello-events",
            "observed_generation": "1",
            "project": "terra-hcl-404112",
            "reconciling": false,
            "template": [
              {
                "annotations": null,
                "containers": [
                  {
                    "args": null,
                    "command": null,
                    "env": [],
                    "image": "us-docker.pkg.dev/cloudrun/container/hello",
                    "liveness_probe": [],
                    "name": "",
                    "ports": [
                      {
                        "container_port": 8080,
                        "name": "http1"
                      }
                    ],
                    "resources": [
                      {
                        "cpu_idle": true,
                        "limits": {
                          "cpu": "1000m",
                          "memory": "512Mi"
                        },
                        "startup_cpu_boost": false
                      }
                    ],
                    "startup_probe": [
                      {
                        "failure_threshold": 1,
                        "grpc": [],
                        "http_get": [],
                        "initial_delay_seconds": 0,
                        "period_seconds": 240,
                        "tcp_socket": [
                          {
                            "port": 8080
                          }
                        ],
                        "timeout_seconds": 240
                      }
                    ],
                    "volume_mounts": [],
                    "working_dir": ""
                  }
                ],
                "encryption_key": "",
                "execution_environment": "",
                "labels": null,
                "max_instance_request_concurrency": 80,
                "revision": "",
                "scaling": [
                  {
                    "max_instance_count": 3,
                    "min_instance_count": 0
                  }
                ],
                "service_account": "eventarc-workflows-sa@terra-hcl-404112.iam.gserviceaccount.com",
                "session_affinity": false,
                "timeout": "300s",
                "volumes": [],
                "vpc_access": []
              }
            ],
            "terminal_condition": [
              {
                "execution_reason": "",
                "last_transition_time": "2023-11-12T21:19:23.103878Z",
                "message": "",
                "reason": "",
                "revision_reason": "",
                "severity": "",
                "state": "CONDITION_SUCCEEDED",
                "type": "Ready"
              }
            ],
            "terraform_labels": {},
            "timeouts": null,
            "traffic": [
              {
                "percent": 100,
                "revision": "",
                "tag": "",
                "type": "TRAFFIC_TARGET_ALLOCATION_TYPE_LATEST"
              }
            ],
            "traffic_statuses": [
              {
                "percent": 100,
                "revision": "",
                "tag": "",
                "type": "TRAFFIC_TARGET_ALLOCATION_TYPE_LATEST",
                "uri": ""
              }
            ],
            "uid": "e0cc20f2-b4e2-4b42-8178-c3420cf97d1f",
            "update_time": "2023-11-12T21:19:03.813026Z",
            "uri": "https://hello-events-bj4wrldmda-uc.a.run.app"
          },
          "sensitive_attributes": [],
          "private": "eyJlMmJmYjczMC1lY2FhLTExZTYtOGY4OC0zNDM2M2JjN2M0YzAiOnsiY3JlYXRlIjoxMjAwMDAwMDAwMDAwLCJkZWxldGUiOjEyMDAwMDAwMDAwMDAsInVwZGF0ZSI6MTIwMDAwMDAwMDAwMH19",
          "dependencies": [
            "google_project_service.run",
            "google_service_account.eventarc_service_account"
          ]
        }
      ]
    },
    {
      "mode": "managed",
      "type": "google_eventarc_trigger",
      "name": "default",
      "provider": "provider[\"registry.terraform.io/hashicorp/google\"]",
      "instances": [
        {
          "schema_version": 0,
          "attributes": {
            "channel": "",
            "conditions": {},
            "create_time": "2023-11-12T21:19:37.639145630Z",
            "destination": [
              {
                "cloud_function": "",
                "cloud_run_service": [
                  {
                    "path": "",
                    "region": "us-central1",
                    "service": "hello-events"
                  }
                ],
                "gke": [],
                "workflow": ""
              }
            ],
            "effective_labels": {},
            "etag": "",
            "event_data_content_type": "application/json",
            "id": "projects/terra-hcl-404112/locations/us-central1/triggers/trigger-storage-cloudrun-tf",
            "labels": null,
            "location": "us-central1",
            "matching_criteria": [
              {
                "attribute": "bucket",
                "operator": "",
                "value": "trigger-cloudrun-terra-hcl-174a37e9"
              },
              {
                "attribute": "type",
                "operator": "",
                "value": "google.cloud.storage.object.v1.finalized"
              }
            ],
            "name": "trigger-storage-cloudrun-tf",
            "project": "terra-hcl-404112",
            "service_account": "eventarc-workflows-sa@terra-hcl-404112.iam.gserviceaccount.com",
            "terraform_labels": {},
            "timeouts": null,
            "transport": [
              {
                "pubsub": [
                  {
                    "subscription": "projects/terra-hcl-404112/subscriptions/eventarc-us-central1-trigger-storage-cloudrun-tf-sub-949",
                    "topic": "projects/terra-hcl-404112/topics/eventarc-us-central1-trigger-storage-cloudrun-tf-387"
                  }
                ]
              }
            ],
            "uid": "6a9f8cb8-390d-4b19-a18d-dbd178257279",
            "update_time": "2023-11-12T21:19:46.035498346Z"
          },
          "sensitive_attributes": [],
          "private": "eyJlMmJmYjczMC1lY2FhLTExZTYtOGY4OC0zNDM2M2JjN2M0YzAiOnsiY3JlYXRlIjoxMjAwMDAwMDAwMDAwLCJkZWxldGUiOjEyMDAwMDAwMDAwMDAsInVwZGF0ZSI6MTIwMDAwMDAwMDAwMH19",
          "dependencies": [
            "data.google_project.project",
            "data.google_storage_project_service_account.gcs_account",
            "google_cloud_run_v2_service.default",
            "google_project_iam_member.pubsubpublisher",
            "google_project_service.eventarc",
            "google_project_service.run",
            "google_service_account.eventarc_service_account",
            "google_storage_bucket.default",
            "random_id.bucket_name_suffix"
          ]
        }
      ]
    },
    {
      "mode": "managed",
      "type": "google_project_iam_member",
      "name": "eventreceiver",
      "provider": "provider[\"registry.terraform.io/hashicorp/google\"]",
      "instances": [
        {
          "schema_version": 0,
          "attributes": {
            "condition": [],
            "etag": "BwYJ+xqhypg=",
            "id": "projects/terra-hcl-404112/roles/eventarc.eventReceiver/serviceAccount:eventarc-workflows-sa@terra-hcl-404112.iam.gserviceaccount.com",
            "member": "serviceAccount:eventarc-workflows-sa@terra-hcl-404112.iam.gserviceaccount.com",
            "project": "projects/terra-hcl-404112",
            "role": "roles/eventarc.eventReceiver"
          },
          "sensitive_attributes": [],
          "private": "bnVsbA==",
          "dependencies": [
            "data.google_project.project",
            "google_service_account.eventarc_service_account"
          ]
        }
      ]
    },
    {
      "mode": "managed",
      "type": "google_project_iam_member",
      "name": "pubsubpublisher",
      "provider": "provider[\"registry.terraform.io/hashicorp/google\"]",
      "instances": [
        {
          "schema_version": 0,
          "attributes": {
            "condition": [],
            "etag": "BwYJ+xoxoDI=",
            "id": "projects/terra-hcl-404112/roles/pubsub.publisher/serviceAccount:service-709437224927@gs-project-accounts.iam.gserviceaccount.com",
            "member": "serviceAccount:service-709437224927@gs-project-accounts.iam.gserviceaccount.com",
            "project": "projects/terra-hcl-404112",
            "role": "roles/pubsub.publisher"
          },
          "sensitive_attributes": [],
          "private": "bnVsbA==",
          "dependencies": [
            "data.google_project.project",
            "data.google_storage_project_service_account.gcs_account"
          ]
        }
      ]
    },
    {
      "mode": "managed",
      "type": "google_project_iam_member",
      "name": "runinvoker",
      "provider": "provider[\"registry.terraform.io/hashicorp/google\"]",
      "instances": [
        {
          "schema_version": 0,
          "attributes": {
            "condition": [],
            "etag": "BwYJ+xqhypg=",
            "id": "projects/terra-hcl-404112/roles/run.invoker/serviceAccount:eventarc-workflows-sa@terra-hcl-404112.iam.gserviceaccount.com",
            "member": "serviceAccount:eventarc-workflows-sa@terra-hcl-404112.iam.gserviceaccount.com",
            "project": "projects/terra-hcl-404112",
            "role": "roles/run.invoker"
          },
          "sensitive_attributes": [],
          "private": "bnVsbA==",
          "dependencies": [
            "data.google_project.project",
            "google_service_account.eventarc_service_account"
          ]
        }
      ]
    },
    {
      "mode": "managed",
      "type": "google_project_service",
      "name": "eventarc",
      "provider": "provider[\"registry.terraform.io/hashicorp/google\"]",
      "instances": [
        {
          "schema_version": 0,
          "attributes": {
            "disable_dependent_services": null,
            "disable_on_destroy": false,
            "id": "terra-hcl-404112/eventarc.googleapis.com",
            "project": "terra-hcl-404112",
            "service": "eventarc.googleapis.com",
            "timeouts": null
          },
          "sensitive_attributes": [],
          "private": "eyJlMmJmYjczMC1lY2FhLTExZTYtOGY4OC0zNDM2M2JjN2M0YzAiOnsiY3JlYXRlIjoxMjAwMDAwMDAwMDAwLCJkZWxldGUiOjEyMDAwMDAwMDAwMDAsInJlYWQiOjYwMDAwMDAwMDAwMCwidXBkYXRlIjoxMjAwMDAwMDAwMDAwfX0="
        }
      ]
    },
    {
      "mode": "managed",
      "type": "google_project_service",
      "name": "pubsub",
      "provider": "provider[\"registry.terraform.io/hashicorp/google\"]",
      "instances": [
        {
          "schema_version": 0,
          "attributes": {
            "disable_dependent_services": null,
            "disable_on_destroy": false,
            "id": "terra-hcl-404112/pubsub.googleapis.com",
            "project": "terra-hcl-404112",
            "service": "pubsub.googleapis.com",
            "timeouts": null
          },
          "sensitive_attributes": [],
          "private": "eyJlMmJmYjczMC1lY2FhLTExZTYtOGY4OC0zNDM2M2JjN2M0YzAiOnsiY3JlYXRlIjoxMjAwMDAwMDAwMDAwLCJkZWxldGUiOjEyMDAwMDAwMDAwMDAsInJlYWQiOjYwMDAwMDAwMDAwMCwidXBkYXRlIjoxMjAwMDAwMDAwMDAwfX0="
        }
      ]
    },
    {
      "mode": "managed",
      "type": "google_project_service",
      "name": "run",
      "provider": "provider[\"registry.terraform.io/hashicorp/google\"]",
      "instances": [
        {
          "schema_version": 0,
          "attributes": {
            "disable_dependent_services": null,
            "disable_on_destroy": false,
            "id": "terra-hcl-404112/run.googleapis.com",
            "project": "terra-hcl-404112",
            "service": "run.googleapis.com",
            "timeouts": null
          },
          "sensitive_attributes": [],
          "private": "eyJlMmJmYjczMC1lY2FhLTExZTYtOGY4OC0zNDM2M2JjN2M0YzAiOnsiY3JlYXRlIjoxMjAwMDAwMDAwMDAwLCJkZWxldGUiOjEyMDAwMDAwMDAwMDAsInJlYWQiOjYwMDAwMDAwMDAwMCwidXBkYXRlIjoxMjAwMDAwMDAwMDAwfX0="
        }
      ]
    },
    {
      "mode": "managed",
      "type": "google_service_account",
      "name": "eventarc_service_account",
      "provider": "provider[\"registry.terraform.io/hashicorp/google\"]",
      "instances": [
        {
          "schema_version": 0,
          "attributes": {
            "account_id": "eventarc-workflows-sa",
            "description": "",
            "disabled": false,
            "display_name": "Evenarc Trigger Service Account",
            "email": "eventarc-workflows-sa@terra-hcl-404112.iam.gserviceaccount.com",
            "id": "projects/terra-hcl-404112/serviceAccounts/eventarc-workflows-sa@terra-hcl-404112.iam.gserviceaccount.com",
            "member": "serviceAccount:eventarc-workflows-sa@terra-hcl-404112.iam.gserviceaccount.com",
            "name": "projects/terra-hcl-404112/serviceAccounts/eventarc-workflows-sa@terra-hcl-404112.iam.gserviceaccount.com",
            "project": "terra-hcl-404112",
            "timeouts": null,
            "unique_id": "100829608999960596323"
          },
          "sensitive_attributes": [],
          "private": "eyJlMmJmYjczMC1lY2FhLTExZTYtOGY4OC0zNDM2M2JjN2M0YzAiOnsiY3JlYXRlIjozMDAwMDAwMDAwMDB9fQ=="
        }
      ]
    },
    {
      "mode": "managed",
      "type": "google_storage_bucket",
      "name": "default",
      "provider": "provider[\"registry.terraform.io/hashicorp/google\"]",
      "instances": [
        {
          "schema_version": 1,
          "attributes": {
            "autoclass": [],
            "cors": [],
            "custom_placement_config": [],
            "default_event_based_hold": false,
            "effective_labels": {},
            "enable_object_retention": false,
            "encryption": [],
            "force_destroy": true,
            "id": "trigger-cloudrun-terra-hcl-174a37e9",
            "labels": null,
            "lifecycle_rule": [],
            "location": "US-CENTRAL1",
            "logging": [],
            "name": "trigger-cloudrun-terra-hcl-174a37e9",
            "project": "terra-hcl-404112",
            "public_access_prevention": "inherited",
            "requester_pays": false,
            "retention_policy": [],
            "self_link": "https://www.googleapis.com/storage/v1/b/trigger-cloudrun-terra-hcl-174a37e9",
            "storage_class": "STANDARD",
            "terraform_labels": {},
            "timeouts": null,
            "uniform_bucket_level_access": true,
            "url": "gs://trigger-cloudrun-terra-hcl-174a37e9",
            "versioning": [],
            "website": []
          },
          "sensitive_attributes": [],
          "private": "eyJlMmJmYjczMC1lY2FhLTExZTYtOGY4OC0zNDM2M2JjN2M0YzAiOnsiY3JlYXRlIjo2MDAwMDAwMDAwMDAsInJlYWQiOjI0MDAwMDAwMDAwMCwidXBkYXRlIjoyNDAwMDAwMDAwMDB9LCJzY2hlbWFfdmVyc2lvbiI6IjEifQ==",
          "dependencies": [
            "data.google_project.project",
            "google_cloud_run_v2_service.default",
            "google_project_service.run",
            "google_service_account.eventarc_service_account",
            "random_id.bucket_name_suffix"
          ]
        }
      ]
    },
    {
      "mode": "managed",
      "type": "random_id",
      "name": "bucket_name_suffix",
      "provider": "provider[\"registry.terraform.io/hashicorp/random\"]",
      "instances": [
        {
          "schema_version": 0,
          "attributes": {
            "b64_std": "F0o36Q==",
            "b64_url": "F0o36Q",
            "byte_length": 4,
            "dec": "390739945",
            "hex": "174a37e9",
            "id": "F0o36Q",
            "keepers": null,
            "prefix": null
          },
          "sensitive_attributes": []
        }
      ]
    }
  ],
  "check_results": null
}
